
Microsoft Visual Studio Solution File, Format Version 12.00
# Visual Studio Version 17
VisualStudioVersion = 17.2.32505.173
MinimumVisualStudioVersion = 10.0.40219.1
Project("{2150E333-8FDC-42A3-9474-1A3956D46DE8}") = "common", "common", "{DC52CDD4-2DB5-4231-9891-350CC45BBB89}"
EndProject
Project("{2150E333-8FDC-42A3-9474-1A3956D46DE8}") = "component", "component", "{11C5227E-6283-4A4D-BAD6-B79DC5B080A7}"
EndProject
Project("{9A19103F-16F7-4668-BE54-9A1E7A4F7556}") = "center", "component\center\center.csproj", "{AFDDB05A-9476-4ABA-A62F-10A81E0E897D}"
EndProject
Project("{9A19103F-16F7-4668-BE54-9A1E7A4F7556}") = "control", "component\control\control.csproj", "{2F8724CF-2FAE-472B-AB64-3F6FBCFDE412}"
EndProject
Project("{9A19103F-16F7-4668-BE54-9A1E7A4F7556}") = "dbproxy", "component\dbproxy\dbproxy.csproj", "{6DB1DA23-1656-435D-B782-B48F4B145E43}"
EndProject
Project("{9A19103F-16F7-4668-BE54-9A1E7A4F7556}") = "hub", "component\hub\hub.csproj", "{6201B9B5-517A-4D6E-AB61-09921FAD962F}"
EndProject
Project("{9A19103F-16F7-4668-BE54-9A1E7A4F7556}") = "robot", "component\robot\robot.csproj", "{57501793-0A49-4E7B-AFD0-30ED7D318727}"
EndProject
Project("{9A19103F-16F7-4668-BE54-9A1E7A4F7556}") = "common", "common\common.csproj", "{682A7FB6-D086-438E-877F-67750DF56700}"
EndProject
Project("{2150E333-8FDC-42A3-9474-1A3956D46DE8}") = "expand", "expand", "{737F5672-F3DB-4CF6-883B-5422BA14056B}"
EndProject
Project("{9A19103F-16F7-4668-BE54-9A1E7A4F7556}") = "avatar", "expand\avatar\avatar.csproj", "{F0AFADD2-CD38-4EFD-B9F2-F5C272B2FAB7}"
EndProject
Project("{9A19103F-16F7-4668-BE54-9A1E7A4F7556}") = "protocol", "proto\protocol.csproj", "{1AD49B89-E262-4165-865D-4E02C06E077D}"
EndProject
Project("{9A19103F-16F7-4668-BE54-9A1E7A4F7556}") = "game_proto", "game_proto\game_proto.csproj", "{376AC1CA-DD69-455C-B2A8-F6A02F9E1257}"
EndProject
Project("{2150E333-8FDC-42A3-9474-1A3956D46DE8}") = "server", "server", "{3EF53BC0-A07E-4597-BD80-B2A195A899FF}"
EndProject
Project("{9A19103F-16F7-4668-BE54-9A1E7A4F7556}") = "center_svr", "server\center_svr\center_svr.csproj", "{63D9B66E-9FBA-4B95-8BC3-0D2DCBBE767F}"
EndProject
Project("{9A19103F-16F7-4668-BE54-9A1E7A4F7556}") = "dbproxy_svr", "server\dbproxy_svr\dbproxy_svr.csproj", "{B06D23F7-84A3-4B63-BF4D-DBAF8E4A3EA9}"
EndProject
Project("{9A19103F-16F7-4668-BE54-9A1E7A4F7556}") = "login", "server\login\login.csproj", "{0A7B5C1F-1218-4EC2-94DA-D473D709563F}"
EndProject
Project("{9A19103F-16F7-4668-BE54-9A1E7A4F7556}") = "player", "server\player\player.csproj", "{8A9F0C6E-F6D2-4F32-BE70-4365B49A9734}"
EndProject
Project("{9A19103F-16F7-4668-BE54-9A1E7A4F7556}") = "wx", "expand\wx_sdk\wx.csproj", "{1B4800DC-A843-4300-A8A6-0531625EE381}"
EndProject
Project("{9A19103F-16F7-4668-BE54-9A1E7A4F7556}") = "dy", "expand\dy_sdk\dy.csproj", "{EBB2DB36-58E9-4017-BC7E-8D5AD633B663}"
EndProject
Project("{9A19103F-16F7-4668-BE54-9A1E7A4F7556}") = "bag", "expand\bag\bag.csproj", "{67278809-922C-4814-A5D7-085295440D11}"
EndProject
Project("{9A19103F-16F7-4668-BE54-9A1E7A4F7556}") = "rank", "expand\rank\rank.csproj", "{CB18E7F5-B3B2-4E03-94E6-5B6E44CBED30}"
EndProject
Project("{9A19103F-16F7-4668-BE54-9A1E7A4F7556}") = "rank_svr", "server\rank\rank_svr.csproj", "{0A51783B-69ED-46CD-8AAF-E5C943C84BE0}"
EndProject
Project("{9A19103F-16F7-4668-BE54-9A1E7A4F7556}") = "match", "server\match\match.csproj", "{1A5F827E-1EA0-4303-B5A5-51D5CB9F9ABE}"
EndProject
Project("{9A19103F-16F7-4668-BE54-9A1E7A4F7556}") = "config", "config\config.csproj", "{B475253A-F9DE-4163-A796-EB68E56D16E0}"
EndProject
Global
	GlobalSection(SolutionConfigurationPlatforms) = preSolution
		Debug|Any CPU = Debug|Any CPU
		Release|Any CPU = Release|Any CPU
	EndGlobalSection
	GlobalSection(ProjectConfigurationPlatforms) = postSolution
		{AFDDB05A-9476-4ABA-A62F-10A81E0E897D}.Debug|Any CPU.ActiveCfg = Debug|Any CPU
		{AFDDB05A-9476-4ABA-A62F-10A81E0E897D}.Debug|Any CPU.Build.0 = Debug|Any CPU
		{AFDDB05A-9476-4ABA-A62F-10A81E0E897D}.Release|Any CPU.ActiveCfg = Release|Any CPU
		{AFDDB05A-9476-4ABA-A62F-10A81E0E897D}.Release|Any CPU.Build.0 = Release|Any CPU
		{2F8724CF-2FAE-472B-AB64-3F6FBCFDE412}.Debug|Any CPU.ActiveCfg = Debug|Any CPU
		{2F8724CF-2FAE-472B-AB64-3F6FBCFDE412}.Debug|Any CPU.Build.0 = Debug|Any CPU
		{2F8724CF-2FAE-472B-AB64-3F6FBCFDE412}.Release|Any CPU.ActiveCfg = Release|Any CPU
		{2F8724CF-2FAE-472B-AB64-3F6FBCFDE412}.Release|Any CPU.Build.0 = Release|Any CPU
		{6DB1DA23-1656-435D-B782-B48F4B145E43}.Debug|Any CPU.ActiveCfg = Debug|Any CPU
		{6DB1DA23-1656-435D-B782-B48F4B145E43}.Debug|Any CPU.Build.0 = Debug|Any CPU
		{6DB1DA23-1656-435D-B782-B48F4B145E43}.Release|Any CPU.ActiveCfg = Release|Any CPU
		{6DB1DA23-1656-435D-B782-B48F4B145E43}.Release|Any CPU.Build.0 = Release|Any CPU
		{6201B9B5-517A-4D6E-AB61-09921FAD962F}.Debug|Any CPU.ActiveCfg = Debug|Any CPU
		{6201B9B5-517A-4D6E-AB61-09921FAD962F}.Debug|Any CPU.Build.0 = Debug|Any CPU
		{6201B9B5-517A-4D6E-AB61-09921FAD962F}.Release|Any CPU.ActiveCfg = Release|Any CPU
		{6201B9B5-517A-4D6E-AB61-09921FAD962F}.Release|Any CPU.Build.0 = Release|Any CPU
		{57501793-0A49-4E7B-AFD0-30ED7D318727}.Debug|Any CPU.ActiveCfg = Debug|Any CPU
		{57501793-0A49-4E7B-AFD0-30ED7D318727}.Debug|Any CPU.Build.0 = Debug|Any CPU
		{57501793-0A49-4E7B-AFD0-30ED7D318727}.Release|Any CPU.ActiveCfg = Release|Any CPU
		{57501793-0A49-4E7B-AFD0-30ED7D318727}.Release|Any CPU.Build.0 = Release|Any CPU
		{682A7FB6-D086-438E-877F-67750DF56700}.Debug|Any CPU.ActiveCfg = Debug|Any CPU
		{682A7FB6-D086-438E-877F-67750DF56700}.Debug|Any CPU.Build.0 = Debug|Any CPU
		{682A7FB6-D086-438E-877F-67750DF56700}.Release|Any CPU.ActiveCfg = Release|Any CPU
		{682A7FB6-D086-438E-877F-67750DF56700}.Release|Any CPU.Build.0 = Release|Any CPU
		{F0AFADD2-CD38-4EFD-B9F2-F5C272B2FAB7}.Debug|Any CPU.ActiveCfg = Debug|Any CPU
		{F0AFADD2-CD38-4EFD-B9F2-F5C272B2FAB7}.Debug|Any CPU.Build.0 = Debug|Any CPU
		{F0AFADD2-CD38-4EFD-B9F2-F5C272B2FAB7}.Release|Any CPU.ActiveCfg = Release|Any CPU
		{F0AFADD2-CD38-4EFD-B9F2-F5C272B2FAB7}.Release|Any CPU.Build.0 = Release|Any CPU
		{1AD49B89-E262-4165-865D-4E02C06E077D}.Debug|Any CPU.ActiveCfg = Debug|Any CPU
		{1AD49B89-E262-4165-865D-4E02C06E077D}.Debug|Any CPU.Build.0 = Debug|Any CPU
		{1AD49B89-E262-4165-865D-4E02C06E077D}.Release|Any CPU.ActiveCfg = Release|Any CPU
		{1AD49B89-E262-4165-865D-4E02C06E077D}.Release|Any CPU.Build.0 = Release|Any CPU
		{376AC1CA-DD69-455C-B2A8-F6A02F9E1257}.Debug|Any CPU.ActiveCfg = Debug|Any CPU
		{376AC1CA-DD69-455C-B2A8-F6A02F9E1257}.Debug|Any CPU.Build.0 = Debug|Any CPU
		{376AC1CA-DD69-455C-B2A8-F6A02F9E1257}.Release|Any CPU.ActiveCfg = Release|Any CPU
		{376AC1CA-DD69-455C-B2A8-F6A02F9E1257}.Release|Any CPU.Build.0 = Release|Any CPU
		{63D9B66E-9FBA-4B95-8BC3-0D2DCBBE767F}.Debug|Any CPU.ActiveCfg = Debug|Any CPU
		{63D9B66E-9FBA-4B95-8BC3-0D2DCBBE767F}.Debug|Any CPU.Build.0 = Debug|Any CPU
		{63D9B66E-9FBA-4B95-8BC3-0D2DCBBE767F}.Release|Any CPU.ActiveCfg = Release|Any CPU
		{63D9B66E-9FBA-4B95-8BC3-0D2DCBBE767F}.Release|Any CPU.Build.0 = Release|Any CPU
		{B06D23F7-84A3-4B63-BF4D-DBAF8E4A3EA9}.Debug|Any CPU.ActiveCfg = Debug|Any CPU
		{B06D23F7-84A3-4B63-BF4D-DBAF8E4A3EA9}.Debug|Any CPU.Build.0 = Debug|Any CPU
		{B06D23F7-84A3-4B63-BF4D-DBAF8E4A3EA9}.Release|Any CPU.ActiveCfg = Release|Any CPU
		{B06D23F7-84A3-4B63-BF4D-DBAF8E4A3EA9}.Release|Any CPU.Build.0 = Release|Any CPU
		{0A7B5C1F-1218-4EC2-94DA-D473D709563F}.Debug|Any CPU.ActiveCfg = Debug|Any CPU
		{0A7B5C1F-1218-4EC2-94DA-D473D709563F}.Debug|Any CPU.Build.0 = Debug|Any CPU
		{0A7B5C1F-1218-4EC2-94DA-D473D709563F}.Release|Any CPU.ActiveCfg = Release|Any CPU
		{0A7B5C1F-1218-4EC2-94DA-D473D709563F}.Release|Any CPU.Build.0 = Release|Any CPU
		{8A9F0C6E-F6D2-4F32-BE70-4365B49A9734}.Debug|Any CPU.ActiveCfg = Debug|Any CPU
		{8A9F0C6E-F6D2-4F32-BE70-4365B49A9734}.Debug|Any CPU.Build.0 = Debug|Any CPU
		{8A9F0C6E-F6D2-4F32-BE70-4365B49A9734}.Release|Any CPU.ActiveCfg = Release|Any CPU
		{8A9F0C6E-F6D2-4F32-BE70-4365B49A9734}.Release|Any CPU.Build.0 = Release|Any CPU
		{1B4800DC-A843-4300-A8A6-0531625EE381}.Debug|Any CPU.ActiveCfg = Debug|Any CPU
		{1B4800DC-A843-4300-A8A6-0531625EE381}.Debug|Any CPU.Build.0 = Debug|Any CPU
		{1B4800DC-A843-4300-A8A6-0531625EE381}.Release|Any CPU.ActiveCfg = Release|Any CPU
		{1B4800DC-A843-4300-A8A6-0531625EE381}.Release|Any CPU.Build.0 = Release|Any CPU
		{EBB2DB36-58E9-4017-BC7E-8D5AD633B663}.Debug|Any CPU.ActiveCfg = Debug|Any CPU
		{EBB2DB36-58E9-4017-BC7E-8D5AD633B663}.Debug|Any CPU.Build.0 = Debug|Any CPU
		{EBB2DB36-58E9-4017-BC7E-8D5AD633B663}.Release|Any CPU.ActiveCfg = Release|Any CPU
		{EBB2DB36-58E9-4017-BC7E-8D5AD633B663}.Release|Any CPU.Build.0 = Release|Any CPU
		{67278809-922C-4814-A5D7-085295440D11}.Debug|Any CPU.ActiveCfg = Debug|Any CPU
		{67278809-922C-4814-A5D7-085295440D11}.Debug|Any CPU.Build.0 = Debug|Any CPU
		{67278809-922C-4814-A5D7-085295440D11}.Release|Any CPU.ActiveCfg = Release|Any CPU
		{67278809-922C-4814-A5D7-085295440D11}.Release|Any CPU.Build.0 = Release|Any CPU
		{CB18E7F5-B3B2-4E03-94E6-5B6E44CBED30}.Debug|Any CPU.ActiveCfg = Debug|Any CPU
		{CB18E7F5-B3B2-4E03-94E6-5B6E44CBED30}.Debug|Any CPU.Build.0 = Debug|Any CPU
		{CB18E7F5-B3B2-4E03-94E6-5B6E44CBED30}.Release|Any CPU.ActiveCfg = Release|Any CPU
		{CB18E7F5-B3B2-4E03-94E6-5B6E44CBED30}.Release|Any CPU.Build.0 = Release|Any CPU
		{0A51783B-69ED-46CD-8AAF-E5C943C84BE0}.Debug|Any CPU.ActiveCfg = Debug|Any CPU
		{0A51783B-69ED-46CD-8AAF-E5C943C84BE0}.Debug|Any CPU.Build.0 = Debug|Any CPU
		{0A51783B-69ED-46CD-8AAF-E5C943C84BE0}.Release|Any CPU.ActiveCfg = Release|Any CPU
		{0A51783B-69ED-46CD-8AAF-E5C943C84BE0}.Release|Any CPU.Build.0 = Release|Any CPU
		{1A5F827E-1EA0-4303-B5A5-51D5CB9F9ABE}.Debug|Any CPU.ActiveCfg = Debug|Any CPU
		{1A5F827E-1EA0-4303-B5A5-51D5CB9F9ABE}.Debug|Any CPU.Build.0 = Debug|Any CPU
		{1A5F827E-1EA0-4303-B5A5-51D5CB9F9ABE}.Release|Any CPU.ActiveCfg = Release|Any CPU
		{1A5F827E-1EA0-4303-B5A5-51D5CB9F9ABE}.Release|Any CPU.Build.0 = Release|Any CPU
		{B475253A-F9DE-4163-A796-EB68E56D16E0}.Debug|Any CPU.ActiveCfg = Debug|Any CPU
		{B475253A-F9DE-4163-A796-EB68E56D16E0}.Debug|Any CPU.Build.0 = Debug|Any CPU
		{B475253A-F9DE-4163-A796-EB68E56D16E0}.Release|Any CPU.ActiveCfg = Release|Any CPU
		{B475253A-F9DE-4163-A796-EB68E56D16E0}.Release|Any CPU.Build.0 = Release|Any CPU
	EndGlobalSection
	GlobalSection(SolutionProperties) = preSolution
		HideSolutionNode = FALSE
	EndGlobalSection
	GlobalSection(NestedProjects) = preSolution
		{AFDDB05A-9476-4ABA-A62F-10A81E0E897D} = {11C5227E-6283-4A4D-BAD6-B79DC5B080A7}
		{2F8724CF-2FAE-472B-AB64-3F6FBCFDE412} = {11C5227E-6283-4A4D-BAD6-B79DC5B080A7}
		{6DB1DA23-1656-435D-B782-B48F4B145E43} = {11C5227E-6283-4A4D-BAD6-B79DC5B080A7}
		{6201B9B5-517A-4D6E-AB61-09921FAD962F} = {11C5227E-6283-4A4D-BAD6-B79DC5B080A7}
		{57501793-0A49-4E7B-AFD0-30ED7D318727} = {11C5227E-6283-4A4D-BAD6-B79DC5B080A7}
		{682A7FB6-D086-438E-877F-67750DF56700} = {DC52CDD4-2DB5-4231-9891-350CC45BBB89}
		{F0AFADD2-CD38-4EFD-B9F2-F5C272B2FAB7} = {737F5672-F3DB-4CF6-883B-5422BA14056B}
		{1AD49B89-E262-4165-865D-4E02C06E077D} = {DC52CDD4-2DB5-4231-9891-350CC45BBB89}
		{376AC1CA-DD69-455C-B2A8-F6A02F9E1257} = {DC52CDD4-2DB5-4231-9891-350CC45BBB89}
		{63D9B66E-9FBA-4B95-8BC3-0D2DCBBE767F} = {3EF53BC0-A07E-4597-BD80-B2A195A899FF}
		{B06D23F7-84A3-4B63-BF4D-DBAF8E4A3EA9} = {3EF53BC0-A07E-4597-BD80-B2A195A899FF}
		{0A7B5C1F-1218-4EC2-94DA-D473D709563F} = {3EF53BC0-A07E-4597-BD80-B2A195A899FF}
		{8A9F0C6E-F6D2-4F32-BE70-4365B49A9734} = {3EF53BC0-A07E-4597-BD80-B2A195A899FF}
		{1B4800DC-A843-4300-A8A6-0531625EE381} = {737F5672-F3DB-4CF6-883B-5422BA14056B}
		{EBB2DB36-58E9-4017-BC7E-8D5AD633B663} = {737F5672-F3DB-4CF6-883B-5422BA14056B}
		{67278809-922C-4814-A5D7-085295440D11} = {737F5672-F3DB-4CF6-883B-5422BA14056B}
		{CB18E7F5-B3B2-4E03-94E6-5B6E44CBED30} = {737F5672-F3DB-4CF6-883B-5422BA14056B}
		{0A51783B-69ED-46CD-8AAF-E5C943C84BE0} = {3EF53BC0-A07E-4597-BD80-B2A195A899FF}
		{1A5F827E-1EA0-4303-B5A5-51D5CB9F9ABE} = {3EF53BC0-A07E-4597-BD80-B2A195A899FF}
		{B475253A-F9DE-4163-A796-EB68E56D16E0} = {DC52CDD4-2DB5-4231-9891-350CC45BBB89}
	EndGlobalSection
	GlobalSection(ExtensibilityGlobals) = postSolution
		SolutionGuid = {71881DAC-9ED6-472F-AB12-DE9020A519C1}
	EndGlobalSection
EndGlobal
