{
  "name": "AutoChess",
  "lockfileVersion": 3,
  "requires": true,
  "packages": {
    "": {
      "name": "AutoChess",
      "dependencies": {
        "@msgpack/msgpack": "^3.0.0-beta2",
        "minigame-api-typings": "^3.8.2",
        "miniprogram-api-typings": "^3.12.0"
      }
    },
    "node_modules/@msgpack/msgpack": {
      "version": "3.0.0-beta2",
      "resolved": "https://registry.npmjs.org/@msgpack/msgpack/-/msgpack-3.0.0-beta2.tgz",
      "integrity": "sha512-y+l1PNV0XDyY8sM3YtuMLK5vE3/hkfId+Do8pLo/OPxfxuFAUwcGz3oiiUuV46/aBpwTzZ+mRWVMtlSKbradhw==",
      "engines": {
        "node": ">= 14"
      }
    },
    "node_modules/minigame-api-typings": {
      "version": "3.8.2",
      "resolved": "https://registry.npmjs.org/minigame-api-typings/-/minigame-api-typings-3.8.2.tgz",
      "integrity": "sha512-b+7unYPTH8WFNdCrueMCgYJtQ3D1OXuS/Lasv3XrZeIoNuY53aDu9osAmpuQq5wCo362t00tISDX6Pkogy8omw=="
    },
    "node_modules/miniprogram-api-typings": {
      "version": "3.12.0",
      "resolved": "https://registry.npmmirror.com/miniprogram-api-typings/-/miniprogram-api-typings-3.12.0.tgz",
      "integrity": "sha512-tE0zjq+3bFEgUROzCjXTdtLY+FmqiTX4kZWXc8bCC7M9wSHCriBz+ga1E2i1PcI+DQJoz2cyK8Cv2exJv6XEzA=="
    }
  }
}
