{
  "name": "AutoChess",
  "lockfileVersion": 3,
  "requires": true,
  "packages": {
    "": {
      "name": "AutoChess",
      "dependencies": {
        "minigame-api-typings": "^3.8.2",
        "miniprogram-api-typings": "^3.12.1"
      }
    },
    "node_modules/minigame-api-typings": {
      "version": "3.8.2",
      "resolved": "https://registry.npmjs.org/minigame-api-typings/-/minigame-api-typings-3.8.2.tgz",
      "integrity": "sha512-b+7unYPTH8WFNdCrueMCgYJtQ3D1OXuS/Lasv3XrZeIoNuY53aDu9osAmpuQq5wCo362t00tISDX6Pkogy8omw=="
    },
    "node_modules/miniprogram-api-typings": {
      "version": "3.12.1",
      "resolved": "https://registry.npmjs.org/miniprogram-api-typings/-/miniprogram-api-typings-3.12.1.tgz",
      "integrity": "sha512-ewXOEqLGIgqQSy4wbaCHq47sfDsC/hQhO9QVzTQTCKNf9x691AwADHorfCTfVLXDVkOjbbLmJ086M3Dv7hKcXw=="
    }
  }
}
