{
  "name": "AutoChess",
  "lockfileVersion": 3,
  "requires": true,
  "packages": {
    "": {
      "name": "AutoChess",
      "dependencies": {
        "fairygui-cc": "^1.1.1",
        "minigame-api-typings": "^3.8.2",
        "miniprogram-api-typings": "^3.12.1"
      }
    },
    "node_modules/@types/node": {
      "version": "14.18.63",
      "resolved": "https://registry.npmjs.org/@types/node/-/node-14.18.63.tgz",
      "integrity": "sha512-fAtCfv4jJg+ExtXhvCkCqUKZ+4ok/JQk01qDKhL5BDDoS3AxKXhV5/MAVUZyQnSEd2GT92fkgZl0pz0Q0AzcIQ=="
    },
    "node_modules/fairygui-cc": {
      "version": "1.1.1",
      "resolved": "https://registry.npmjs.org/fairygui-cc/-/fairygui-cc-1.1.1.tgz",
      "integrity": "sha512-jZ/+3INoHDiJN7ftC5I+qUKxqusZDiAGHgpBneITCjgn9M4uiWL4uLQSfFV+QkRj2nBJ7GGwpRjK0j0RnU1AZw==",
      "dependencies": {
        "@types/node": "^14.0.1",
        "lodash": "^4.17.15"
      }
    },
    "node_modules/lodash": {
      "version": "4.17.21",
      "resolved": "https://registry.npmjs.org/lodash/-/lodash-4.17.21.tgz",
      "integrity": "sha512-v2kDEe57lecTulaDIuNTPy3Ry4gLGJ6Z1O3vE1krgXZNrsQ+LFTGHVxVjcXPs17LhbZVGedAJv8XZ1tvj5FvSg=="
    },
    "node_modules/minigame-api-typings": {
      "version": "3.8.2",
      "resolved": "https://registry.npmjs.org/minigame-api-typings/-/minigame-api-typings-3.8.2.tgz",
      "integrity": "sha512-b+7unYPTH8WFNdCrueMCgYJtQ3D1OXuS/Lasv3XrZeIoNuY53aDu9osAmpuQq5wCo362t00tISDX6Pkogy8omw=="
    },
    "node_modules/miniprogram-api-typings": {
      "version": "3.12.1",
      "resolved": "https://registry.npmjs.org/miniprogram-api-typings/-/miniprogram-api-typings-3.12.1.tgz",
      "integrity": "sha512-ewXOEqLGIgqQSy4wbaCHq47sfDsC/hQhO9QVzTQTCKNf9x691AwADHorfCTfVLXDVkOjbbLmJ086M3Dv7hKcXw=="
    }
  }
}
